// !$*UTF8*$!
{
	archiveVersion = 1;
	classes = {
	};
	objectVersion = 56;
	objects = {

/* Begin PBXBuildFile section */
		55A9BDED29FE17D200C3C6D7 /* AppDelegate.swift in Sources */ = {isa = PBXBuildFile; fileRef = 55A9BDEC29FE17D200C3C6D7 /* AppDelegate.swift */; };
		55A9BDEF29FE17D200C3C6D7 /* SceneDelegate.swift in Sources */ = {isa = PBXBuildFile; fileRef = 55A9BDEE29FE17D200C3C6D7 /* SceneDelegate.swift */; };
		55A9BDF129FE17D200C3C6D7 /* ViewController.swift in Sources */ = {isa = PBXBuildFile; fileRef = 55A9BDF029FE17D200C3C6D7 /* ViewController.swift */; };
		55A9BDF429FE17D200C3C6D7 /* Main.storyboard in Resources */ = {isa = PBXBuildFile; fileRef = 55A9BDF229FE17D200C3C6D7 /* Main.storyboard */; };
		55A9BDF629FE17D200C3C6D7 /* Assets.xcassets in Resources */ = {isa = PBXBuildFile; fileRef = 55A9BDF529FE17D200C3C6D7 /* Assets.xcassets */; };
		55A9BDF929FE17D200C3C6D7 /* LaunchScreen.storyboard in Resources */ = {isa = PBXBuildFile; fileRef = 55A9BDF729FE17D200C3C6D7 /* LaunchScreen.storyboard */; };
		55A9BE0129FE1BD700C3C6D7 /* APICaller.swift in Sources */ = {isa = PBXBuildFile; fileRef = 55A9BE0029FE1BD700C3C6D7 /* APICaller.swift */; };
		55A9BE1A29FF5D8900C3C6D7 /* APIResponse.swift in Sources */ = {isa = PBXBuildFile; fileRef = 55A9BE1929FF5D8900C3C6D7 /* APIResponse.swift */; };
		55A9BE1C29FF5DC200C3C6D7 /* Article.swift in Sources */ = {isa = PBXBuildFile; fileRef = 55A9BE1B29FF5DC200C3C6D7 /* Article.swift */; };
		55A9BE1E29FF5E7600C3C6D7 /* Source.swift in Sources */ = {isa = PBXBuildFile; fileRef = 55A9BE1D29FF5E7600C3C6D7 /* Source.swift */; };
		55A9BE2029FF644D00C3C6D7 /* NewsTableViewCell.swift in Sources */ = {isa = PBXBuildFile; fileRef = 55A9BE1F29FF644D00C3C6D7 /* NewsTableViewCell.swift */; };
		55A9BE2329FF654800C3C6D7 /* NewsTableViewCellViewModel.swift in Sources */ = {isa = PBXBuildFile; fileRef = 55A9BE2229FF654800C3C6D7 /* NewsTableViewCellViewModel.swift */; };
		55A9BE2529FFF52C00C3C6D7 /* API.swift in Sources */ = {isa = PBXBuildFile; fileRef = 55A9BE2429FFF52C00C3C6D7 /* API.swift */; };
/* End PBXBuildFile section */

/* Begin PBXFileReference section */
		55A9BDE929FE17D200C3C6D7 /* UpToDate.app */ = {isa = PBXFileReference; explicitFileType = wrapper.application; includeInIndex = 0; path = UpToDate.app; sourceTree = BUILT_PRODUCTS_DIR; };
		55A9BDEC29FE17D200C3C6D7 /* AppDelegate.swift */ = {isa = PBXFileReference; lastKnownFileType = sourcecode.swift; path = AppDelegate.swift; sourceTree = "<group>"; };
		55A9BDEE29FE17D200C3C6D7 /* SceneDelegate.swift */ = {isa = PBXFileReference; lastKnownFileType = sourcecode.swift; path = SceneDelegate.swift; sourceTree = "<group>"; };
		55A9BDF029FE17D200C3C6D7 /* ViewController.swift */ = {isa = PBXFileReference; lastKnownFileType = sourcecode.swift; path = ViewController.swift; sourceTree = "<group>"; };
		55A9BDF329FE17D200C3C6D7 /* Base */ = {isa = PBXFileReference; lastKnownFileType = file.storyboard; name = Base; path = Base.lproj/Main.storyboard; sourceTree = "<group>"; };
		55A9BDF529FE17D200C3C6D7 /* Assets.xcassets */ = {isa = PBXFileReference; lastKnownFileType = folder.assetcatalog; path = Assets.xcassets; sourceTree = "<group>"; };
		55A9BDF829FE17D200C3C6D7 /* Base */ = {isa = PBXFileReference; lastKnownFileType = file.storyboard; name = Base; path = Base.lproj/LaunchScreen.storyboard; sourceTree = "<group>"; };
		55A9BDFA29FE17D200C3C6D7 /* Info.plist */ = {isa = PBXFileReference; lastKnownFileType = text.plist.xml; path = Info.plist; sourceTree = "<group>"; };
		55A9BE0029FE1BD700C3C6D7 /* APICaller.swift */ = {isa = PBXFileReference; lastKnownFileType = sourcecode.swift; path = APICaller.swift; sourceTree = "<group>"; };
		55A9BE1929FF5D8900C3C6D7 /* APIResponse.swift */ = {isa = PBXFileReference; lastKnownFileType = sourcecode.swift; path = APIResponse.swift; sourceTree = "<group>"; };
		55A9BE1B29FF5DC200C3C6D7 /* Article.swift */ = {isa = PBXFileReference; lastKnownFileType = sourcecode.swift; path = Article.swift; sourceTree = "<group>"; };
		55A9BE1D29FF5E7600C3C6D7 /* Source.swift */ = {isa = PBXFileReference; lastKnownFileType = sourcecode.swift; path = Source.swift; sourceTree = "<group>"; };
		55A9BE1F29FF644D00C3C6D7 /* NewsTableViewCell.swift */ = {isa = PBXFileReference; lastKnownFileType = sourcecode.swift; path = NewsTableViewCell.swift; sourceTree = "<group>"; };
		55A9BE2229FF654800C3C6D7 /* NewsTableViewCellViewModel.swift */ = {isa = PBXFileReference; lastKnownFileType = sourcecode.swift; path = NewsTableViewCellViewModel.swift; sourceTree = "<group>"; };
		55A9BE2429FFF52C00C3C6D7 /* API.swift */ = {isa = PBXFileReference; lastKnownFileType = sourcecode.swift; path = API.swift; sourceTree = "<group>"; };
/* End PBXFileReference section */

/* Begin PBXFrameworksBuildPhase section */
		55A9BDE629FE17D200C3C6D7 /* Frameworks */ = {
			isa = PBXFrameworksBuildPhase;
			buildActionMask = 2147483647;
			files = (
			);
			runOnlyForDeploymentPostprocessing = 0;
		};
/* End PBXFrameworksBuildPhase section */

/* Begin PBXGroup section */
		55A9BDE029FE17D200C3C6D7 = {
			isa = PBXGroup;
			children = (
				55A9BDEB29FE17D200C3C6D7 /* UpToDate */,
				55A9BDEA29FE17D200C3C6D7 /* Products */,
			);
			sourceTree = "<group>";
		};
		55A9BDEA29FE17D200C3C6D7 /* Products */ = {
			isa = PBXGroup;
			children = (
				55A9BDE929FE17D200C3C6D7 /* UpToDate.app */,
			);
			name = Products;
			sourceTree = "<group>";
		};
		55A9BDEB29FE17D200C3C6D7 /* UpToDate */ = {
			isa = PBXGroup;
			children = (
				55A9BDEC29FE17D200C3C6D7 /* AppDelegate.swift */,
				55A9BDEE29FE17D200C3C6D7 /* SceneDelegate.swift */,
				55A9BE2429FFF52C00C3C6D7 /* API.swift */,
				55A9BE2129FF652E00C3C6D7 /* ViewModels */,
				55A9BE1829FF5D6300C3C6D7 /* Models */,
				55A9BE1729FF5D5700C3C6D7 /* Controllers */,
				55A9BDF229FE17D200C3C6D7 /* Main.storyboard */,
				55A9BDF529FE17D200C3C6D7 /* Assets.xcassets */,
				55A9BDF729FE17D200C3C6D7 /* LaunchScreen.storyboard */,
				55A9BDFA29FE17D200C3C6D7 /* Info.plist */,
			);
			path = UpToDate;
			sourceTree = "<group>";
		};
		55A9BE1729FF5D5700C3C6D7 /* Controllers */ = {
			isa = PBXGroup;
			children = (
				55A9BE1F29FF644D00C3C6D7 /* NewsTableViewCell.swift */,
				55A9BDF029FE17D200C3C6D7 /* ViewController.swift */,
			);
			path = Controllers;
			sourceTree = "<group>";
		};
		55A9BE1829FF5D6300C3C6D7 /* Models */ = {
			isa = PBXGroup;
			children = (
				55A9BE0029FE1BD700C3C6D7 /* APICaller.swift */,
				55A9BE1929FF5D8900C3C6D7 /* APIResponse.swift */,
				55A9BE1B29FF5DC200C3C6D7 /* Article.swift */,
				55A9BE1D29FF5E7600C3C6D7 /* Source.swift */,
			);
			path = Models;
			sourceTree = "<group>";
		};
		55A9BE2129FF652E00C3C6D7 /* ViewModels */ = {
			isa = PBXGroup;
			children = (
				55A9BE2229FF654800C3C6D7 /* NewsTableViewCellViewModel.swift */,
			);
			path = ViewModels;
			sourceTree = "<group>";
		};
/* End PBXGroup section */

/* Begin PBXNativeTarget section */
		55A9BDE829FE17D200C3C6D7 /* UpToDate */ = {
			isa = PBXNativeTarget;
			buildConfigurationList = 55A9BDFD29FE17D200C3C6D7 /* Build configuration list for PBXNativeTarget "UpToDate" */;
			buildPhases = (
				55A9BDE529FE17D200C3C6D7 /* Sources */,
				55A9BDE629FE17D200C3C6D7 /* Frameworks */,
				55A9BDE729FE17D200C3C6D7 /* Resources */,
			);
			buildRules = (
			);
			dependencies = (
			);
			name = UpToDate;
			productName = UpToDate;
			productReference = 55A9BDE929FE17D200C3C6D7 /* UpToDate.app */;
			productType = "com.apple.product-type.application";
		};
/* End PBXNativeTarget section */

/* Begin PBXProject section */
		55A9BDE129FE17D200C3C6D7 /* Project object */ = {
			isa = PBXProject;
			attributes = {
				BuildIndependentTargetsInParallel = 1;
				LastSwiftUpdateCheck = 1430;
				LastUpgradeCheck = 1430;
				TargetAttributes = {
					55A9BDE829FE17D200C3C6D7 = {
						CreatedOnToolsVersion = 14.3;
					};
				};
			};
			buildConfigurationList = 55A9BDE429FE17D200C3C6D7 /* Build configuration list for PBXProject "UpToDate" */;
			compatibilityVersion = "Xcode 14.0";
			developmentRegion = en;
			hasScannedForEncodings = 0;
			knownRegions = (
				en,
				Base,
			);
			mainGroup = 55A9BDE029FE17D200C3C6D7;
			productRefGroup = 55A9BDEA29FE17D200C3C6D7 /* Products */;
			projectDirPath = "";
			projectRoot = "";
			targets = (
				55A9BDE829FE17D200C3C6D7 /* UpToDate */,
			);
		};
/* End PBXProject section */

/* Begin PBXResourcesBuildPhase section */
		55A9BDE729FE17D200C3C6D7 /* Resources */ = {
			isa = PBXResourcesBuildPhase;
			buildActionMask = 2147483647;
			files = (
				55A9BDF929FE17D200C3C6D7 /* LaunchScreen.storyboard in Resources */,
				55A9BDF629FE17D200C3C6D7 /* Assets.xcassets in Resources */,
				55A9BDF429FE17D200C3C6D7 /* Main.storyboard in Resources */,
			);
			runOnlyForDeploymentPostprocessing = 0;
		};
/* End PBXResourcesBuildPhase section */

/* Begin PBXSourcesBuildPhase section */
		55A9BDE529FE17D200C3C6D7 /* Sources */ = {
			isa = PBXSourcesBuildPhase;
			buildActionMask = 2147483647;
			files = (
				55A9BDF129FE17D200C3C6D7 /* ViewController.swift in Sources */,
				55A9BE2329FF654800C3C6D7 /* NewsTableViewCellViewModel.swift in Sources */,
				55A9BDED29FE17D200C3C6D7 /* AppDelegate.swift in Sources */,
				55A9BE2029FF644D00C3C6D7 /* NewsTableViewCell.swift in Sources */,
				55A9BE2529FFF52C00C3C6D7 /* API.swift in Sources */,
				55A9BE1C29FF5DC200C3C6D7 /* Article.swift in Sources */,
				55A9BE1E29FF5E7600C3C6D7 /* Source.swift in Sources */,
				55A9BDEF29FE17D200C3C6D7 /* SceneDelegate.swift in Sources */,
				55A9BE1A29FF5D8900C3C6D7 /* APIResponse.swift in Sources */,
				55A9BE0129FE1BD700C3C6D7 /* APICaller.swift in Sources */,
			);
			runOnlyForDeploymentPostprocessing = 0;
		};
/* End PBXSourcesBuildPhase section */

/* Begin PBXVariantGroup section */
		55A9BDF229FE17D200C3C6D7 /* Main.storyboard */ = {
			isa = PBXVariantGroup;
			children = (
				55A9BDF329FE17D200C3C6D7 /* Base */,
			);
			name = Main.storyboard;
			sourceTree = "<group>";
		};
		55A9BDF729FE17D200C3C6D7 /* LaunchScreen.storyboard */ = {
			isa = PBXVariantGroup;
			children = (
				55A9BDF829FE17D200C3C6D7 /* Base */,
			);
			name = LaunchScreen.storyboard;
			sourceTree = "<group>";
		};
/* End PBXVariantGroup section */

/* Begin XCBuildConfiguration section */
		55A9BDFB29FE17D200C3C6D7 /* Debug */ = {
			isa = XCBuildConfiguration;
			buildSettings = {
				ALWAYS_SEARCH_USER_PATHS = NO;
				CLANG_ANALYZER_NONNULL = YES;
				CLANG_ANALYZER_NUMBER_OBJECT_CONVERSION = YES_AGGRESSIVE;
				CLANG_CXX_LANGUAGE_STANDARD = "gnu++20";
				CLANG_ENABLE_MODULES = YES;
				CLANG_ENABLE_OBJC_ARC = YES;
				CLANG_ENABLE_OBJC_WEAK = YES;
				CLANG_WARN_BLOCK_CAPTURE_AUTORELEASING = YES;
				CLANG_WARN_BOOL_CONVERSION = YES;
				CLANG_WARN_COMMA = YES;
				CLANG_WARN_CONSTANT_CONVERSION = YES;
				CLANG_WARN_DEPRECATED_OBJC_IMPLEMENTATIONS = YES;
				CLANG_WARN_DIRECT_OBJC_ISA_USAGE = YES_ERROR;
				CLANG_WARN_DOCUMENTATION_COMMENTS = YES;
				CLANG_WARN_EMPTY_BODY = YES;
				CLANG_WARN_ENUM_CONVERSION = YES;
				CLANG_WARN_INFINITE_RECURSION = YES;
				CLANG_WARN_INT_CONVERSION = YES;
				CLANG_WARN_NON_LITERAL_NULL_CONVERSION = YES;
				CLANG_WARN_OBJC_IMPLICIT_RETAIN_SELF = YES;
				CLANG_WARN_OBJC_LITERAL_CONVERSION = YES;
				CLANG_WARN_OBJC_ROOT_CLASS = YES_ERROR;
				CLANG_WARN_QUOTED_INCLUDE_IN_FRAMEWORK_HEADER = YES;
				CLANG_WARN_RANGE_LOOP_ANALYSIS = YES;
				CLANG_WARN_STRICT_PROTOTYPES = YES;
				CLANG_WARN_SUSPICIOUS_MOVE = YES;
				CLANG_WARN_UNGUARDED_AVAILABILITY = YES_AGGRESSIVE;
				CLANG_WARN_UNREACHABLE_CODE = YES;
				CLANG_WARN__DUPLICATE_METHOD_MATCH = YES;
				COPY_PHASE_STRIP = NO;
				DEBUG_INFORMATION_FORMAT = dwarf;
				ENABLE_STRICT_OBJC_MSGSEND = YES;
				ENABLE_TESTABILITY = YES;
				GCC_C_LANGUAGE_STANDARD = gnu11;
				GCC_DYNAMIC_NO_PIC = NO;
				GCC_NO_COMMON_BLOCKS = YES;
				GCC_OPTIMIZATION_LEVEL = 0;
				GCC_PREPROCESSOR_DEFINITIONS = (
					"DEBUG=1",
					"$(inherited)",
				);
				GCC_WARN_64_TO_32_BIT_CONVERSION = YES;
				GCC_WARN_ABOUT_RETURN_TYPE = YES_ERROR;
				GCC_WARN_UNDECLARED_SELECTOR = YES;
				GCC_WARN_UNINITIALIZED_AUTOS = YES_AGGRESSIVE;
				GCC_WARN_UNUSED_FUNCTION = YES;
				GCC_WARN_UNUSED_VARIABLE = YES;
				IPHONEOS_DEPLOYMENT_TARGET = 16.4;
				MTL_ENABLE_DEBUG_INFO = INCLUDE_SOURCE;
				MTL_FAST_MATH = YES;
				ONLY_ACTIVE_ARCH = YES;
				SDKROOT = iphoneos;
				SWIFT_ACTIVE_COMPILATION_CONDITIONS = DEBUG;
				SWIFT_OPTIMIZATION_LEVEL = "-Onone";
			};
			name = Debug;
		};
		55A9BDFC29FE17D200C3C6D7 /* Release */ = {
			isa = XCBuildConfiguration;
			buildSettings = {
				ALWAYS_SEARCH_USER_PATHS = NO;
				CLANG_ANALYZER_NONNULL = YES;
				CLANG_ANALYZER_NUMBER_OBJECT_CONVERSION = YES_AGGRESSIVE;
				CLANG_CXX_LANGUAGE_STANDARD = "gnu++20";
				CLANG_ENABLE_MODULES = YES;
				CLANG_ENABLE_OBJC_ARC = YES;
				CLANG_ENABLE_OBJC_WEAK = YES;
				CLANG_WARN_BLOCK_CAPTURE_AUTORELEASING = YES;
				CLANG_WARN_BOOL_CONVERSION = YES;
				CLANG_WARN_COMMA = YES;
				CLANG_WARN_CONSTANT_CONVERSION = YES;
				CLANG_WARN_DEPRECATED_OBJC_IMPLEMENTATIONS = YES;
				CLANG_WARN_DIRECT_OBJC_ISA_USAGE = YES_ERROR;
				CLANG_WARN_DOCUMENTATION_COMMENTS = YES;
				CLANG_WARN_EMPTY_BODY = YES;
				CLANG_WARN_ENUM_CONVERSION = YES;
				CLANG_WARN_INFINITE_RECURSION = YES;
				CLANG_WARN_INT_CONVERSION = YES;
				CLANG_WARN_NON_LITERAL_NULL_CONVERSION = YES;
				CLANG_WARN_OBJC_IMPLICIT_RETAIN_SELF = YES;
				CLANG_WARN_OBJC_LITERAL_CONVERSION = YES;
				CLANG_WARN_OBJC_ROOT_CLASS = YES_ERROR;
				CLANG_WARN_QUOTED_INCLUDE_IN_FRAMEWORK_HEADER = YES;
				CLANG_WARN_RANGE_LOOP_ANALYSIS = YES;
				CLANG_WARN_STRICT_PROTOTYPES = YES;
				CLANG_WARN_SUSPICIOUS_MOVE = YES;
				CLANG_WARN_UNGUARDED_AVAILABILITY = YES_AGGRESSIVE;
				CLANG_WARN_UNREACHABLE_CODE = YES;
				CLANG_WARN__DUPLICATE_METHOD_MATCH = YES;
				COPY_PHASE_STRIP = NO;
				DEBUG_INFORMATION_FORMAT = "dwarf-with-dsym";
				ENABLE_NS_ASSERTIONS = NO;
				ENABLE_STRICT_OBJC_MSGSEND = YES;
				GCC_C_LANGUAGE_STANDARD = gnu11;
				GCC_NO_COMMON_BLOCKS = YES;
				GCC_WARN_64_TO_32_BIT_CONVERSION = YES;
				GCC_WARN_ABOUT_RETURN_TYPE = YES_ERROR;
				GCC_WARN_UNDECLARED_SELECTOR = YES;
				GCC_WARN_UNINITIALIZED_AUTOS = YES_AGGRESSIVE;
				GCC_WARN_UNUSED_FUNCTION = YES;
				GCC_WARN_UNUSED_VARIABLE = YES;
				IPHONEOS_DEPLOYMENT_TARGET = 16.4;
				MTL_ENABLE_DEBUG_INFO = NO;
				MTL_FAST_MATH = YES;
				SDKROOT = iphoneos;
				SWIFT_COMPILATION_MODE = wholemodule;
				SWIFT_OPTIMIZATION_LEVEL = "-O";
				VALIDATE_PRODUCT = YES;
			};
			name = Release;
		};
		55A9BDFE29FE17D200C3C6D7 /* Debug */ = {
			isa = XCBuildConfiguration;
			buildSettings = {
				ASSETCATALOG_COMPILER_APPICON_NAME = AppIcon;
				ASSETCATALOG_COMPILER_GLOBAL_ACCENT_COLOR_NAME = AccentColor;
				CODE_SIGN_STYLE = Automatic;
				CURRENT_PROJECT_VERSION = 1;
				DEVELOPMENT_TEAM = 57TV7LQGRL;
				GENERATE_INFOPLIST_FILE = YES;
				INFOPLIST_FILE = UpToDate/Info.plist;
				INFOPLIST_KEY_UIApplicationSupportsIndirectInputEvents = YES;
				INFOPLIST_KEY_UILaunchStoryboardName = LaunchScreen;
				INFOPLIST_KEY_UIMainStoryboardFile = Main;
				INFOPLIST_KEY_UISupportedInterfaceOrientations_iPad = "UIInterfaceOrientationPortrait UIInterfaceOrientationPortraitUpsideDown UIInterfaceOrientationLandscapeLeft UIInterfaceOrientationLandscapeRight";
				INFOPLIST_KEY_UISupportedInterfaceOrientations_iPhone = "UIInterfaceOrientationPortrait UIInterfaceOrientationLandscapeLeft UIInterfaceOrientationLandscapeRight";
				LD_RUNPATH_SEARCH_PATHS = (
					"$(inherited)",
					"@executable_path/Frameworks",
				);
				MARKETING_VERSION = 1.0;
				PRODUCT_BUNDLE_IDENTIFIER = com.malikastamalieva.UpToDate;
				PRODUCT_NAME = "$(TARGET_NAME)";
				SWIFT_EMIT_LOC_STRINGS = YES;
				SWIFT_VERSION = 5.0;
				TARGETED_DEVICE_FAMILY = "1,2";
			};
			name = Debug;
		};
		55A9BDFF29FE17D200C3C6D7 /* Release */ = {
			isa = XCBuildConfiguration;
			buildSettings = {
				ASSETCATALOG_COMPILER_APPICON_NAME = AppIcon;
				ASSETCATALOG_COMPILER_GLOBAL_ACCENT_COLOR_NAME = AccentColor;
				CODE_SIGN_STYLE = Automatic;
				CURRENT_PROJECT_VERSION = 1;
				DEVELOPMENT_TEAM = 57TV7LQGRL;
				GENERATE_INFOPLIST_FILE = YES;
				INFOPLIST_FILE = UpToDate/Info.plist;
				INFOPLIST_KEY_UIApplicationSupportsIndirectInputEvents = YES;
				INFOPLIST_KEY_UILaunchStoryboardName = LaunchScreen;
				INFOPLIST_KEY_UIMainStoryboardFile = Main;
				INFOPLIST_KEY_UISupportedInterfaceOrientations_iPad = "UIInterfaceOrientationPortrait UIInterfaceOrientationPortraitUpsideDown UIInterfaceOrientationLandscapeLeft UIInterfaceOrientationLandscapeRight";
				INFOPLIST_KEY_UISupportedInterfaceOrientations_iPhone = "UIInterfaceOrientationPortrait UIInterfaceOrientationLandscapeLeft UIInterfaceOrientationLandscapeRight";
				LD_RUNPATH_SEARCH_PATHS = (
					"$(inherited)",
					"@executable_path/Frameworks",
				);
				MARKETING_VERSION = 1.0;
				PRODUCT_BUNDLE_IDENTIFIER = com.malikastamalieva.UpToDate;
				PRODUCT_NAME = "$(TARGET_NAME)";
				SWIFT_EMIT_LOC_STRINGS = YES;
				SWIFT_VERSION = 5.0;
				TARGETED_DEVICE_FAMILY = "1,2";
			};
			name = Release;
		};
/* End XCBuildConfiguration section */

/* Begin XCConfigurationList section */
		55A9BDE429FE17D200C3C6D7 /* Build configuration list for PBXProject "UpToDate" */ = {
			isa = XCConfigurationList;
			buildConfigurations = (
				55A9BDFB29FE17D200C3C6D7 /* Debug */,
				55A9BDFC29FE17D200C3C6D7 /* Release */,
			);
			defaultConfigurationIsVisible = 0;
			defaultConfigurationName = Release;
		};
		55A9BDFD29FE17D200C3C6D7 /* Build configuration list for PBXNativeTarget "UpToDate" */ = {
			isa = XCConfigurationList;
			buildConfigurations = (
				55A9BDFE29FE17D200C3C6D7 /* Debug */,
				55A9BDFF29FE17D200C3C6D7 /* Release */,
			);
			defaultConfigurationIsVisible = 0;
			defaultConfigurationName = Release;
		};
/* End XCConfigurationList section */
	};
	rootObject = 55A9BDE129FE17D200C3C6D7 /* Project object */;
}
